
Microsoft Visual Studio Solution File, Format Version 12.00
# Visual Studio Version 17
VisualStudioVersion = 17.5.33414.496
MinimumVisualStudioVersion = 10.0.40219.1
Project("{9A19103F-16F7-4668-BE54-9A1E7A4F7556}") = "GqlDemo.Server", "GqlDemo.Server\GqlDemo.Server.csproj", "{D955C941-1F8B-4673-8238-26A35B9F4E31}"
EndProject
Project("{9A19103F-16F7-4668-BE54-9A1E7A4F7556}") = "GqlDemo.Client", "GqlDemo.Client\GqlDemo.Client.csproj", "{22E266EF-7FD3-42E3-86F3-67F437A0C703}"
EndProject
Project("{2150E333-8FDC-42A3-9474-1A3956D46DE8}") = "SampleQueries", "SampleQueries", "{C43F013C-BB97-42CA-B0AE-36BE88B6B7CC}"
	ProjectSection(SolutionItems) = preProject
		Commands.txt = Commands.txt
		Directory.Build.props = Directory.Build.props
		SampleQueries.txt = SampleQueries.txt
	EndProjectSection
EndProject
Project("{9A19103F-16F7-4668-BE54-9A1E7A4F7556}") = "GqlDemo.InvestorsServer", "GqlDemo.InvestorsServer\GqlDemo.InvestorsServer.csproj", "{E89BCCFD-0D49-4658-98BB-9E0D8F60B5F0}"
EndProject
Project("{FAE04EC0-301F-11D3-BF4B-00C04F79EFBC}") = "GqlDemo.Gateway", "GqlDemo.Gateway\GqlDemo.Gateway.csproj", "{8C51DDDE-96E5-43A2-AE9C-467882545FCD}"
EndProject
Global
	GlobalSection(SolutionConfigurationPlatforms) = preSolution
		Debug|Any CPU = Debug|Any CPU
		Release|Any CPU = Release|Any CPU
	EndGlobalSection
	GlobalSection(ProjectConfigurationPlatforms) = postSolution
		{D955C941-1F8B-4673-8238-26A35B9F4E31}.Debug|Any CPU.ActiveCfg = Debug|Any CPU
		{D955C941-1F8B-4673-8238-26A35B9F4E31}.Debug|Any CPU.Build.0 = Debug|Any CPU
		{D955C941-1F8B-4673-8238-26A35B9F4E31}.Release|Any CPU.ActiveCfg = Release|Any CPU
		{D955C941-1F8B-4673-8238-26A35B9F4E31}.Release|Any CPU.Build.0 = Release|Any CPU
		{22E266EF-7FD3-42E3-86F3-67F437A0C703}.Debug|Any CPU.ActiveCfg = Debug|Any CPU
		{22E266EF-7FD3-42E3-86F3-67F437A0C703}.Debug|Any CPU.Build.0 = Debug|Any CPU
		{22E266EF-7FD3-42E3-86F3-67F437A0C703}.Release|Any CPU.ActiveCfg = Release|Any CPU
		{22E266EF-7FD3-42E3-86F3-67F437A0C703}.Release|Any CPU.Build.0 = Release|Any CPU
		{E89BCCFD-0D49-4658-98BB-9E0D8F60B5F0}.Debug|Any CPU.ActiveCfg = Debug|Any CPU
		{E89BCCFD-0D49-4658-98BB-9E0D8F60B5F0}.Debug|Any CPU.Build.0 = Debug|Any CPU
		{E89BCCFD-0D49-4658-98BB-9E0D8F60B5F0}.Release|Any CPU.ActiveCfg = Release|Any CPU
		{E89BCCFD-0D49-4658-98BB-9E0D8F60B5F0}.Release|Any CPU.Build.0 = Release|Any CPU
		{8C51DDDE-96E5-43A2-AE9C-467882545FCD}.Debug|Any CPU.ActiveCfg = Debug|Any CPU
		{8C51DDDE-96E5-43A2-AE9C-467882545FCD}.Debug|Any CPU.Build.0 = Debug|Any CPU
		{8C51DDDE-96E5-43A2-AE9C-467882545FCD}.Release|Any CPU.ActiveCfg = Release|Any CPU
		{8C51DDDE-96E5-43A2-AE9C-467882545FCD}.Release|Any CPU.Build.0 = Release|Any CPU
	EndGlobalSection
	GlobalSection(SolutionProperties) = preSolution
		HideSolutionNode = FALSE
	EndGlobalSection
	GlobalSection(ExtensibilityGlobals) = postSolution
		SolutionGuid = {8850D774-FDE3-4B62-B310-C6F03EAC85F4}
	EndGlobalSection
EndGlobal
